// !$*UTF8*$!
{
	archiveVersion = 1;
	classes = {
	};
	objectVersion = 77;
	objects = {

/* Begin PBXContainerItemProxy section */
		A801BF9D2EF14457007FCA85 /* PBXContainerItemProxy */ = {
			isa = PBXContainerItemProxy;
			containerPortal = A801BF792EF14455007FCA85 /* Project object */;
			proxyType = 1;
			remoteGlobalIDString = A801BF802EF14455007FCA85;
			remoteInfo = DreisamLibDemo;
		};
		A801BFA72EF14457007FCA85 /* PBXContainerItemProxy */ = {
			isa = PBXContainerItemProxy;
			containerPortal = A801BF792EF14455007FCA85 /* Project object */;
			proxyType = 1;
			remoteGlobalIDString = A801BF802EF14455007FCA85;
			remoteInfo = DreisamLibDemo;
		};
/* End PBXContainerItemProxy section */

/* Begin PBXCopyFilesBuildPhase section */
		A8E9ED552EF23E6100576F0B /* Embed Frameworks */ = {
			isa = PBXCopyFilesBuildPhase;
			buildActionMask = 2147483647;
			dstPath = "";
			dstSubfolderSpec = 10;
			files = (
			);
			name = "Embed Frameworks";
			runOnlyForDeploymentPostprocessing = 0;
		};
/* End PBXCopyFilesBuildPhase section */

/* Begin PBXFileReference section */
		A801BF812EF14455007FCA85 /* DreisamLibDemo.app */ = {isa = PBXFileReference; explicitFileType = wrapper.application; includeInIndex = 0; path = DreisamLibDemo.app; sourceTree = BUILT_PRODUCTS_DIR; };
		A801BF9C2EF14457007FCA85 /* DreisamLibDemoTests.xctest */ = {isa = PBXFileReference; explicitFileType = wrapper.cfbundle; includeInIndex = 0; path = DreisamLibDemoTests.xctest; sourceTree = BUILT_PRODUCTS_DIR; };
		A801BFA62EF14457007FCA85 /* DreisamLibDemoUITests.xctest */ = {isa = PBXFileReference; explicitFileType = wrapper.cfbundle; includeInIndex = 0; path = DreisamLibDemoUITests.xctest; sourceTree = BUILT_PRODUCTS_DIR; };
/* End PBXFileReference section */

/* Begin PBXFileSystemSynchronizedBuildFileExceptionSet section */
		A801BFAE2EF14457007FCA85 /* Exceptions for "DreisamLibDemo" folder in "DreisamLibDemo" target */ = {
			isa = PBXFileSystemSynchronizedBuildFileExceptionSet;
			membershipExceptions = (
				Info.plist,
			);
			target = A801BF802EF14455007FCA85 /* DreisamLibDemo */;
		};
/* End PBXFileSystemSynchronizedBuildFileExceptionSet section */

/* Begin PBXFileSystemSynchronizedGroupBuildPhaseMembershipExceptionSet section */
		A84E25F62F2B51B300FD21BC /* Exceptions for "DreisamLibDemo" folder in "Embed Frameworks" phase from "DreisamLibDemo" target */ = {
			isa = PBXFileSystemSynchronizedGroupBuildPhaseMembershipExceptionSet;
			attributesByRelativePath = {
				SDK/DreisamLibPro.framework = (CodeSignOnCopy, RemoveHeadersOnCopy, );
			};
			buildPhase = A8E9ED552EF23E6100576F0B /* Embed Frameworks */;
			membershipExceptions = (
				SDK/DreisamLibPro.framework,
			);
		};
/* End PBXFileSystemSynchronizedGroupBuildPhaseMembershipExceptionSet section */

/* Begin PBXFileSystemSynchronizedRootGroup section */
		A801BF832EF14455007FCA85 /* DreisamLibDemo */ = {
			isa = PBXFileSystemSynchronizedRootGroup;
			exceptions = (
				A801BFAE2EF14457007FCA85 /* Exceptions for "DreisamLibDemo" folder in "DreisamLibDemo" target */,
				A84E25F62F2B51B300FD21BC /* Exceptions for "DreisamLibDemo" folder in "Embed Frameworks" phase from "DreisamLibDemo" target */,
			);
			path = DreisamLibDemo;
			sourceTree = "<group>";
		};
/* End PBXFileSystemSynchronizedRootGroup section */

/* Begin PBXFrameworksBuildPhase section */
		A801BF7E2EF14455007FCA85 /* Frameworks */ = {
			isa = PBXFrameworksBuildPhase;
			buildActionMask = 2147483647;
			files = (
			);
			runOnlyForDeploymentPostprocessing = 0;
		};
		A801BF992EF14457007FCA85 /* Frameworks */ = {
			isa = PBXFrameworksBuildPhase;
			buildActionMask = 2147483647;
			files = (
			);
			runOnlyForDeploymentPostprocessing = 0;
		};
		A801BFA32EF14457007FCA85 /* Frameworks */ = {
			isa = PBXFrameworksBuildPhase;
			buildActionMask = 2147483647;
			files = (
			);
			runOnlyForDeploymentPostprocessing = 0;
		};
/* End PBXFrameworksBuildPhase section */

/* Begin PBXGroup section */
		A801BF782EF14455007FCA85 = {
			isa = PBXGroup;
			children = (
				A801BF832EF14455007FCA85 /* DreisamLibDemo */,
				A8E9ED4C2EF23E6100576F0B /* Frameworks */,
				A801BF822EF14455007FCA85 /* Products */,
			);
			sourceTree = "<group>";
		};
		A801BF822EF14455007FCA85 /* Products */ = {
			isa = PBXGroup;
			children = (
				A801BF812EF14455007FCA85 /* DreisamLibDemo.app */,
				A801BF9C2EF14457007FCA85 /* DreisamLibDemoTests.xctest */,
				A801BFA62EF14457007FCA85 /* DreisamLibDemoUITests.xctest */,
			);
			name = Products;
			sourceTree = "<group>";
		};
		A8E9ED4C2EF23E6100576F0B /* Frameworks */ = {
			isa = PBXGroup;
			children = (
			);
			name = Frameworks;
			sourceTree = "<group>";
		};
/* End PBXGroup section */

/* Begin PBXNativeTarget section */
		A801BF802EF14455007FCA85 /* DreisamLibDemo */ = {
			isa = PBXNativeTarget;
			buildConfigurationList = A801BFAF2EF14457007FCA85 /* Build configuration list for PBXNativeTarget "DreisamLibDemo" */;
			buildPhases = (
				A801BF7D2EF14455007FCA85 /* Sources */,
				A801BF7E2EF14455007FCA85 /* Frameworks */,
				A801BF7F2EF14455007FCA85 /* Resources */,
				A8E9ED552EF23E6100576F0B /* Embed Frameworks */,
			);
			buildRules = (
			);
			dependencies = (
			);
			fileSystemSynchronizedGroups = (
				A801BF832EF14455007FCA85 /* DreisamLibDemo */,
			);
			name = DreisamLibDemo;
			packageProductDependencies = (
			);
			productName = DreisamLibDemo;
			productReference = A801BF812EF14455007FCA85 /* DreisamLibDemo.app */;
			productType = "com.apple.product-type.application";
		};
		A801BF9B2EF14457007FCA85 /* DreisamLibDemoTests */ = {
			isa = PBXNativeTarget;
			buildConfigurationList = A801BFB42EF14457007FCA85 /* Build configuration list for PBXNativeTarget "DreisamLibDemoTests" */;
			buildPhases = (
				A801BF982EF14457007FCA85 /* Sources */,
				A801BF992EF14457007FCA85 /* Frameworks */,
				A801BF9A2EF14457007FCA85 /* Resources */,
			);
			buildRules = (
			);
			dependencies = (
				A801BF9E2EF14457007FCA85 /* PBXTargetDependency */,
			);
			name = DreisamLibDemoTests;
			packageProductDependencies = (
			);
			productName = DreisamLibDemoTests;
			productReference = A801BF9C2EF14457007FCA85 /* DreisamLibDemoTests.xctest */;
			productType = "com.apple.product-type.bundle.unit-test";
		};
		A801BFA52EF14457007FCA85 /* DreisamLibDemoUITests */ = {
			isa = PBXNativeTarget;
			buildConfigurationList = A801BFB72EF14457007FCA85 /* Build configuration list for PBXNativeTarget "DreisamLibDemoUITests" */;
			buildPhases = (
				A801BFA22EF14457007FCA85 /* Sources */,
				A801BFA32EF14457007FCA85 /* Frameworks */,
				A801BFA42EF14457007FCA85 /* Resources */,
			);
			buildRules = (
			);
			dependencies = (
				A801BFA82EF14457007FCA85 /* PBXTargetDependency */,
			);
			name = DreisamLibDemoUITests;
			packageProductDependencies = (
			);
			productName = DreisamLibDemoUITests;
			productReference = A801BFA62EF14457007FCA85 /* DreisamLibDemoUITests.xctest */;
			productType = "com.apple.product-type.bundle.ui-testing";
		};
/* End PBXNativeTarget section */

/* Begin PBXProject section */
		A801BF792EF14455007FCA85 /* Project object */ = {
			isa = PBXProject;
			attributes = {
				BuildIndependentTargetsInParallel = 1;
				LastUpgradeCheck = 2600;
				TargetAttributes = {
					A801BF802EF14455007FCA85 = {
						CreatedOnToolsVersion = 26.0.1;
					};
					A801BF9B2EF14457007FCA85 = {
						CreatedOnToolsVersion = 26.0.1;
						TestTargetID = A801BF802EF14455007FCA85;
					};
					A801BFA52EF14457007FCA85 = {
						CreatedOnToolsVersion = 26.0.1;
						TestTargetID = A801BF802EF14455007FCA85;
					};
				};
			};
			buildConfigurationList = A801BF7C2EF14455007FCA85 /* Build configuration list for PBXProject "DreisamLibDemo" */;
			developmentRegion = en;
			hasScannedForEncodings = 0;
			knownRegions = (
				en,
				Base,
			);
			mainGroup = A801BF782EF14455007FCA85;
			minimizedProjectReferenceProxies = 1;
			preferredProjectObjectVersion = 77;
			productRefGroup = A801BF822EF14455007FCA85 /* Products */;
			projectDirPath = "";
			projectRoot = "";
			targets = (
				A801BF802EF14455007FCA85 /* DreisamLibDemo */,
				A801BF9B2EF14457007FCA85 /* DreisamLibDemoTests */,
				A801BFA52EF14457007FCA85 /* DreisamLibDemoUITests */,
			);
		};
/* End PBXProject section */

/* Begin PBXResourcesBuildPhase section */
		A801BF7F2EF14455007FCA85 /* Resources */ = {
			isa = PBXResourcesBuildPhase;
			buildActionMask = 2147483647;
			files = (
			);
			runOnlyForDeploymentPostprocessing = 0;
		};
		A801BF9A2EF14457007FCA85 /* Resources */ = {
			isa = PBXResourcesBuildPhase;
			buildActionMask = 2147483647;
			files = (
			);
			runOnlyForDeploymentPostprocessing = 0;
		};
		A801BFA42EF14457007FCA85 /* Resources */ = {
			isa = PBXResourcesBuildPhase;
			buildActionMask = 2147483647;
			files = (
			);
			runOnlyForDeploymentPostprocessing = 0;
		};
/* End PBXResourcesBuildPhase section */

/* Begin PBXSourcesBuildPhase section */
		A801BF7D2EF14455007FCA85 /* Sources */ = {
			isa = PBXSourcesBuildPhase;
			buildActionMask = 2147483647;
			files = (
			);
			runOnlyForDeploymentPostprocessing = 0;
		};
		A801BF982EF14457007FCA85 /* Sources */ = {
			isa = PBXSourcesBuildPhase;
			buildActionMask = 2147483647;
			files = (
			);
			runOnlyForDeploymentPostprocessing = 0;
		};
		A801BFA22EF14457007FCA85 /* Sources */ = {
			isa = PBXSourcesBuildPhase;
			buildActionMask = 2147483647;
			files = (
			);
			runOnlyForDeploymentPostprocessing = 0;
		};
/* End PBXSourcesBuildPhase section */

/* Begin PBXTargetDependency section */
		A801BF9E2EF14457007FCA85 /* PBXTargetDependency */ = {
			isa = PBXTargetDependency;
			target = A801BF802EF14455007FCA85 /* DreisamLibDemo */;
			targetProxy = A801BF9D2EF14457007FCA85 /* PBXContainerItemProxy */;
		};
		A801BFA82EF14457007FCA85 /* PBXTargetDependency */ = {
			isa = PBXTargetDependency;
			target = A801BF802EF14455007FCA85 /* DreisamLibDemo */;
			targetProxy = A801BFA72EF14457007FCA85 /* PBXContainerItemProxy */;
		};
/* End PBXTargetDependency section */

/* Begin XCBuildConfiguration section */
		A801BFB02EF14457007FCA85 /* Debug */ = {
			isa = XCBuildConfiguration;
			buildSettings = {
				ASSETCATALOG_COMPILER_APPICON_NAME = AppIcon;
				ASSETCATALOG_COMPILER_GLOBAL_ACCENT_COLOR_NAME = AccentColor;
				CODE_SIGN_ENTITLEMENTS = DreisamLibDemo/DreisamLibDemo.entitlements;
				CODE_SIGN_STYLE = Automatic;
				CURRENT_PROJECT_VERSION = 1;
				DEVELOPMENT_TEAM = 2BW2F7UV63;
				FRAMEWORK_SEARCH_PATHS = (
					"$(inherited)",
					"$(PROJECT_DIR)/DreisamLibDemo/Tool",
					"$(PROJECT_DIR)/DreisamLibDemo/SDK",
				);
				GCC_PREFIX_HEADER = "$(SRCROOT)/DreisamLibDemo/PrefixHeader.pch";
				GENERATE_INFOPLIST_FILE = YES;
				INFOPLIST_FILE = DreisamLibDemo/Info.plist;
				INFOPLIST_KEY_NSBluetoothAlwaysUsageDescription = "This App requires your consent to connect to the transmitter to get sensor data";
				INFOPLIST_KEY_NSBluetoothPeripheralUsageDescription = "This App requires your consent to connect to the transmitter to get sensor data";
				INFOPLIST_KEY_NSCameraUsageDescription = "Access your camera to scan QR code to add devices";
				INFOPLIST_KEY_UIApplicationSupportsIndirectInputEvents = YES;
				INFOPLIST_KEY_UILaunchStoryboardName = LaunchScreen;
				INFOPLIST_KEY_UIMainStoryboardFile = Main;
				INFOPLIST_KEY_UISupportedInterfaceOrientations = UIInterfaceOrientationPortrait;
				IPHONEOS_DEPLOYMENT_TARGET = 11;
				LD_RUNPATH_SEARCH_PATHS = (
					"$(inherited)",
					"@executable_path/Frameworks",
				);
				MARKETING_VERSION = 1.0;
				PRODUCT_BUNDLE_IDENTIFIER = com.DLS.DreisamLibDemo;
				PRODUCT_NAME = "$(TARGET_NAME)";
				STRING_CATALOG_GENERATE_SYMBOLS = YES;
				SWIFT_EMIT_LOC_STRINGS = YES;
				TARGETED_DEVICE_FAMILY = "1,2";
			};
			name = Debug;
		};
		A801BFB12EF14457007FCA85 /* Release */ = {
			isa = XCBuildConfiguration;
			buildSettings = {
				ASSETCATALOG_COMPILER_APPICON_NAME = AppIcon;
				ASSETCATALOG_COMPILER_GLOBAL_ACCENT_COLOR_NAME = AccentColor;
				CODE_SIGN_ENTITLEMENTS = DreisamLibDemo/DreisamLibDemo.entitlements;
				CODE_SIGN_STYLE = Automatic;
				CURRENT_PROJECT_VERSION = 1;
				DEVELOPMENT_TEAM = 2BW2F7UV63;
				FRAMEWORK_SEARCH_PATHS = (
					"$(inherited)",
					"$(PROJECT_DIR)/DreisamLibDemo/Tool",
					"$(PROJECT_DIR)/DreisamLibDemo/SDK",
				);
				GCC_PREFIX_HEADER = "$(SRCROOT)/DreisamLibDemo/PrefixHeader.pch";
				GENERATE_INFOPLIST_FILE = YES;
				INFOPLIST_FILE = DreisamLibDemo/Info.plist;
				INFOPLIST_KEY_NSBluetoothAlwaysUsageDescription = "This App requires your consent to connect to the transmitter to get sensor data";
				INFOPLIST_KEY_NSBluetoothPeripheralUsageDescription = "This App requires your consent to connect to the transmitter to get sensor data";
				INFOPLIST_KEY_NSCameraUsageDescription = "Access your camera to scan QR code to add devices";
				INFOPLIST_KEY_UIApplicationSupportsIndirectInputEvents = YES;
				INFOPLIST_KEY_UILaunchStoryboardName = LaunchScreen;
				INFOPLIST_KEY_UIMainStoryboardFile = Main;
				INFOPLIST_KEY_UISupportedInterfaceOrientations = UIInterfaceOrientationPortrait;
				IPHONEOS_DEPLOYMENT_TARGET = 11;
				LD_RUNPATH_SEARCH_PATHS = (
					"$(inherited)",
					"@executable_path/Frameworks",
				);
				MARKETING_VERSION = 1.0;
				PRODUCT_BUNDLE_IDENTIFIER = com.DLS.DreisamLibDemo;
				PRODUCT_NAME = "$(TARGET_NAME)";
				STRING_CATALOG_GENERATE_SYMBOLS = YES;
				SWIFT_EMIT_LOC_STRINGS = YES;
				TARGETED_DEVICE_FAMILY = "1,2";
			};
			name = Release;
		};
		A801BFB22EF14457007FCA85 /* Debug */ = {
			isa = XCBuildConfiguration;
			buildSettings = {
				ALWAYS_SEARCH_USER_PATHS = NO;
				ASSETCATALOG_COMPILER_GENERATE_SWIFT_ASSET_SYMBOL_EXTENSIONS = YES;
				CLANG_ANALYZER_NONNULL = YES;
				CLANG_ANALYZER_NUMBER_OBJECT_CONVERSION = YES_AGGRESSIVE;
				CLANG_CXX_LANGUAGE_STANDARD = "gnu++20";
				CLANG_ENABLE_MODULES = YES;
				CLANG_ENABLE_OBJC_ARC = YES;
				CLANG_ENABLE_OBJC_WEAK = YES;
				CLANG_WARN_BLOCK_CAPTURE_AUTORELEASING = YES;
				CLANG_WARN_BOOL_CONVERSION = YES;
				CLANG_WARN_COMMA = YES;
				CLANG_WARN_CONSTANT_CONVERSION = YES;
				CLANG_WARN_DEPRECATED_OBJC_IMPLEMENTATIONS = YES;
				CLANG_WARN_DIRECT_OBJC_ISA_USAGE = YES_ERROR;
				CLANG_WARN_DOCUMENTATION_COMMENTS = YES;
				CLANG_WARN_EMPTY_BODY = YES;
				CLANG_WARN_ENUM_CONVERSION = YES;
				CLANG_WARN_INFINITE_RECURSION = YES;
				CLANG_WARN_INT_CONVERSION = YES;
				CLANG_WARN_NON_LITERAL_NULL_CONVERSION = YES;
				CLANG_WARN_OBJC_IMPLICIT_RETAIN_SELF = YES;
				CLANG_WARN_OBJC_LITERAL_CONVERSION = YES;
				CLANG_WARN_OBJC_ROOT_CLASS = YES_ERROR;
				CLANG_WARN_QUOTED_INCLUDE_IN_FRAMEWORK_HEADER = YES;
				CLANG_WARN_RANGE_LOOP_ANALYSIS = YES;
				CLANG_WARN_STRICT_PROTOTYPES = YES;
				CLANG_WARN_SUSPICIOUS_MOVE = YES;
				CLANG_WARN_UNGUARDED_AVAILABILITY = YES_AGGRESSIVE;
				CLANG_WARN_UNREACHABLE_CODE = YES;
				CLANG_WARN__DUPLICATE_METHOD_MATCH = YES;
				COPY_PHASE_STRIP = NO;
				DEBUG_INFORMATION_FORMAT = dwarf;
				DEVELOPMENT_TEAM = 2BW2F7UV63;
				ENABLE_STRICT_OBJC_MSGSEND = YES;
				ENABLE_TESTABILITY = YES;
				ENABLE_USER_SCRIPT_SANDBOXING = YES;
				GCC_C_LANGUAGE_STANDARD = gnu17;
				GCC_DYNAMIC_NO_PIC = NO;
				GCC_NO_COMMON_BLOCKS = YES;
				GCC_OPTIMIZATION_LEVEL = 0;
				GCC_PREPROCESSOR_DEFINITIONS = (
					"DEBUG=1",
					"$(inherited)",
				);
				GCC_WARN_64_TO_32_BIT_CONVERSION = YES;
				GCC_WARN_ABOUT_RETURN_TYPE = YES_ERROR;
				GCC_WARN_UNDECLARED_SELECTOR = YES;
				GCC_WARN_UNINITIALIZED_AUTOS = YES_AGGRESSIVE;
				GCC_WARN_UNUSED_FUNCTION = YES;
				GCC_WARN_UNUSED_VARIABLE = YES;
				IPHONEOS_DEPLOYMENT_TARGET = 26.0;
				LOCALIZATION_PREFERS_STRING_CATALOGS = YES;
				MTL_ENABLE_DEBUG_INFO = INCLUDE_SOURCE;
				MTL_FAST_MATH = YES;
				ONLY_ACTIVE_ARCH = YES;
				SDKROOT = iphoneos;
			};
			name = Debug;
		};
		A801BFB32EF14457007FCA85 /* Release */ = {
			isa = XCBuildConfiguration;
			buildSettings = {
				ALWAYS_SEARCH_USER_PATHS = NO;
				ASSETCATALOG_COMPILER_GENERATE_SWIFT_ASSET_SYMBOL_EXTENSIONS = YES;
				CLANG_ANALYZER_NONNULL = YES;
				CLANG_ANALYZER_NUMBER_OBJECT_CONVERSION = YES_AGGRESSIVE;
				CLANG_CXX_LANGUAGE_STANDARD = "gnu++20";
				CLANG_ENABLE_MODULES = YES;
				CLANG_ENABLE_OBJC_ARC = YES;
				CLANG_ENABLE_OBJC_WEAK = YES;
				CLANG_WARN_BLOCK_CAPTURE_AUTORELEASING = YES;
				CLANG_WARN_BOOL_CONVERSION = YES;
				CLANG_WARN_COMMA = YES;
				CLANG_WARN_CONSTANT_CONVERSION = YES;
				CLANG_WARN_DEPRECATED_OBJC_IMPLEMENTATIONS = YES;
				CLANG_WARN_DIRECT_OBJC_ISA_USAGE = YES_ERROR;
				CLANG_WARN_DOCUMENTATION_COMMENTS = YES;
				CLANG_WARN_EMPTY_BODY = YES;
				CLANG_WARN_ENUM_CONVERSION = YES;
				CLANG_WARN_INFINITE_RECURSION = YES;
				CLANG_WARN_INT_CONVERSION = YES;
				CLANG_WARN_NON_LITERAL_NULL_CONVERSION = YES;
				CLANG_WARN_OBJC_IMPLICIT_RETAIN_SELF = YES;
				CLANG_WARN_OBJC_LITERAL_CONVERSION = YES;
				CLANG_WARN_OBJC_ROOT_CLASS = YES_ERROR;
				CLANG_WARN_QUOTED_INCLUDE_IN_FRAMEWORK_HEADER = YES;
				CLANG_WARN_RANGE_LOOP_ANALYSIS = YES;
				CLANG_WARN_STRICT_PROTOTYPES = YES;
				CLANG_WARN_SUSPICIOUS_MOVE = YES;
				CLANG_WARN_UNGUARDED_AVAILABILITY = YES_AGGRESSIVE;
				CLANG_WARN_UNREACHABLE_CODE = YES;
				CLANG_WARN__DUPLICATE_METHOD_MATCH = YES;
				COPY_PHASE_STRIP = NO;
				DEBUG_INFORMATION_FORMAT = "dwarf-with-dsym";
				DEVELOPMENT_TEAM = 2BW2F7UV63;
				ENABLE_NS_ASSERTIONS = NO;
				ENABLE_STRICT_OBJC_MSGSEND = YES;
				ENABLE_USER_SCRIPT_SANDBOXING = YES;
				GCC_C_LANGUAGE_STANDARD = gnu17;
				GCC_NO_COMMON_BLOCKS = YES;
				GCC_WARN_64_TO_32_BIT_CONVERSION = YES;
				GCC_WARN_ABOUT_RETURN_TYPE = YES_ERROR;
				GCC_WARN_UNDECLARED_SELECTOR = YES;
				GCC_WARN_UNINITIALIZED_AUTOS = YES_AGGRESSIVE;
				GCC_WARN_UNUSED_FUNCTION = YES;
				GCC_WARN_UNUSED_VARIABLE = YES;
				IPHONEOS_DEPLOYMENT_TARGET = 26.0;
				LOCALIZATION_PREFERS_STRING_CATALOGS = YES;
				MTL_ENABLE_DEBUG_INFO = NO;
				MTL_FAST_MATH = YES;
				SDKROOT = iphoneos;
				VALIDATE_PRODUCT = YES;
			};
			name = Release;
		};
		A801BFB52EF14457007FCA85 /* Debug */ = {
			isa = XCBuildConfiguration;
			buildSettings = {
				BUNDLE_LOADER = "$(TEST_HOST)";
				CODE_SIGN_STYLE = Automatic;
				CURRENT_PROJECT_VERSION = 1;
				DEVELOPMENT_TEAM = 2BW2F7UV63;
				GENERATE_INFOPLIST_FILE = YES;
				IPHONEOS_DEPLOYMENT_TARGET = 26.0;
				MARKETING_VERSION = 1.0;
				PRODUCT_BUNDLE_IDENTIFIER = com.npa.testfuntion.DreisamLibDemoTests;
				PRODUCT_NAME = "$(TARGET_NAME)";
				STRING_CATALOG_GENERATE_SYMBOLS = NO;
				SWIFT_EMIT_LOC_STRINGS = NO;
				TARGETED_DEVICE_FAMILY = "1,2";
				TEST_HOST = "$(BUILT_PRODUCTS_DIR)/DreisamLibDemo.app/$(BUNDLE_EXECUTABLE_FOLDER_PATH)/DreisamLibDemo";
			};
			name = Debug;
		};
		A801BFB62EF14457007FCA85 /* Release */ = {
			isa = XCBuildConfiguration;
			buildSettings = {
				BUNDLE_LOADER = "$(TEST_HOST)";
				CODE_SIGN_STYLE = Automatic;
				CURRENT_PROJECT_VERSION = 1;
				DEVELOPMENT_TEAM = 2BW2F7UV63;
				GENERATE_INFOPLIST_FILE = YES;
				IPHONEOS_DEPLOYMENT_TARGET = 26.0;
				MARKETING_VERSION = 1.0;
				PRODUCT_BUNDLE_IDENTIFIER = com.npa.testfuntion.DreisamLibDemoTests;
				PRODUCT_NAME = "$(TARGET_NAME)";
				STRING_CATALOG_GENERATE_SYMBOLS = NO;
				SWIFT_EMIT_LOC_STRINGS = NO;
				TARGETED_DEVICE_FAMILY = "1,2";
				TEST_HOST = "$(BUILT_PRODUCTS_DIR)/DreisamLibDemo.app/$(BUNDLE_EXECUTABLE_FOLDER_PATH)/DreisamLibDemo";
			};
			name = Release;
		};
		A801BFB82EF14457007FCA85 /* Debug */ = {
			isa = XCBuildConfiguration;
			buildSettings = {
				CODE_SIGN_STYLE = Automatic;
				CURRENT_PROJECT_VERSION = 1;
				DEVELOPMENT_TEAM = 2BW2F7UV63;
				GENERATE_INFOPLIST_FILE = YES;
				MARKETING_VERSION = 1.0;
				PRODUCT_BUNDLE_IDENTIFIER = com.npa.testfuntion.DreisamLibDemoUITests;
				PRODUCT_NAME = "$(TARGET_NAME)";
				STRING_CATALOG_GENERATE_SYMBOLS = NO;
				SWIFT_EMIT_LOC_STRINGS = NO;
				TARGETED_DEVICE_FAMILY = "1,2";
				TEST_TARGET_NAME = DreisamLibDemo;
			};
			name = Debug;
		};
		A801BFB92EF14457007FCA85 /* Release */ = {
			isa = XCBuildConfiguration;
			buildSettings = {
				CODE_SIGN_STYLE = Automatic;
				CURRENT_PROJECT_VERSION = 1;
				DEVELOPMENT_TEAM = 2BW2F7UV63;
				GENERATE_INFOPLIST_FILE = YES;
				MARKETING_VERSION = 1.0;
				PRODUCT_BUNDLE_IDENTIFIER = com.npa.testfuntion.DreisamLibDemoUITests;
				PRODUCT_NAME = "$(TARGET_NAME)";
				STRING_CATALOG_GENERATE_SYMBOLS = NO;
				SWIFT_EMIT_LOC_STRINGS = NO;
				TARGETED_DEVICE_FAMILY = "1,2";
				TEST_TARGET_NAME = DreisamLibDemo;
			};
			name = Release;
		};
/* End XCBuildConfiguration section */

/* Begin XCConfigurationList section */
		A801BF7C2EF14455007FCA85 /* Build configuration list for PBXProject "DreisamLibDemo" */ = {
			isa = XCConfigurationList;
			buildConfigurations = (
				A801BFB22EF14457007FCA85 /* Debug */,
				A801BFB32EF14457007FCA85 /* Release */,
			);
			defaultConfigurationIsVisible = 0;
			defaultConfigurationName = Release;
		};
		A801BFAF2EF14457007FCA85 /* Build configuration list for PBXNativeTarget "DreisamLibDemo" */ = {
			isa = XCConfigurationList;
			buildConfigurations = (
				A801BFB02EF14457007FCA85 /* Debug */,
				A801BFB12EF14457007FCA85 /* Release */,
			);
			defaultConfigurationIsVisible = 0;
			defaultConfigurationName = Release;
		};
		A801BFB42EF14457007FCA85 /* Build configuration list for PBXNativeTarget "DreisamLibDemoTests" */ = {
			isa = XCConfigurationList;
			buildConfigurations = (
				A801BFB52EF14457007FCA85 /* Debug */,
				A801BFB62EF14457007FCA85 /* Release */,
			);
			defaultConfigurationIsVisible = 0;
			defaultConfigurationName = Release;
		};
		A801BFB72EF14457007FCA85 /* Build configuration list for PBXNativeTarget "DreisamLibDemoUITests" */ = {
			isa = XCConfigurationList;
			buildConfigurations = (
				A801BFB82EF14457007FCA85 /* Debug */,
				A801BFB92EF14457007FCA85 /* Release */,
			);
			defaultConfigurationIsVisible = 0;
			defaultConfigurationName = Release;
		};
/* End XCConfigurationList section */
	};
	rootObject = A801BF792EF14455007FCA85 /* Project object */;
}
